
Microsoft Visual Studio Solution File, Format Version 12.00
# Visual Studio 15
VisualStudioVersion = 15.0.26430.13
MinimumVisualStudioVersion = 10.0.40219.1
Project("{8BC9CEB8-8B4A-11D0-8D11-00A0C91BC942}") = "MovementInput", "MovementInput\MovementInput.vcxproj", "{0282B3D6-F736-42FA-9A04-9F720CE11E5B}"
EndProject
Project("{8BC9CEB8-8B4A-11D0-8D11-00A0C91BC942}") = "MouseInput_Test", "..\MouseInput_Test\MouseInput_Test\MouseInput_Test.vcxproj", "{41394B32-E02D-4FA0-B389-9CF908930ED9}"
EndProject
Project("{8BC9CEB8-8B4A-11D0-8D11-00A0C91BC942}") = "MovementInput_TestFramework", "MovementInput_TestFramework\MovementInput_TestFramework.vcxproj", "{97E86050-2798-4198-9F18-303B34BC5B72}"
EndProject
Global
	GlobalSection(SolutionConfigurationPlatforms) = preSolution
		Debug|x64 = Debug|x64
		Debug|x86 = Debug|x86
		Release|x64 = Release|x64
		Release|x86 = Release|x86
	EndGlobalSection
	GlobalSection(ProjectConfigurationPlatforms) = postSolution
		{0282B3D6-F736-42FA-9A04-9F720CE11E5B}.Debug|x64.ActiveCfg = Debug|x64
		{0282B3D6-F736-42FA-9A04-9F720CE11E5B}.Debug|x64.Build.0 = Debug|x64
		{0282B3D6-F736-42FA-9A04-9F720CE11E5B}.Debug|x86.ActiveCfg = Debug|Win32
		{0282B3D6-F736-42FA-9A04-9F720CE11E5B}.Debug|x86.Build.0 = Debug|Win32
		{0282B3D6-F736-42FA-9A04-9F720CE11E5B}.Release|x64.ActiveCfg = Release|x64
		{0282B3D6-F736-42FA-9A04-9F720CE11E5B}.Release|x64.Build.0 = Release|x64
		{0282B3D6-F736-42FA-9A04-9F720CE11E5B}.Release|x86.ActiveCfg = Release|Win32
		{0282B3D6-F736-42FA-9A04-9F720CE11E5B}.Release|x86.Build.0 = Release|Win32
		{41394B32-E02D-4FA0-B389-9CF908930ED9}.Debug|x64.ActiveCfg = Debug|x64
		{41394B32-E02D-4FA0-B389-9CF908930ED9}.Debug|x64.Build.0 = Debug|x64
		{41394B32-E02D-4FA0-B389-9CF908930ED9}.Debug|x86.ActiveCfg = Debug|Win32
		{41394B32-E02D-4FA0-B389-9CF908930ED9}.Debug|x86.Build.0 = Debug|Win32
		{41394B32-E02D-4FA0-B389-9CF908930ED9}.Release|x64.ActiveCfg = Release|x64
		{41394B32-E02D-4FA0-B389-9CF908930ED9}.Release|x64.Build.0 = Release|x64
		{41394B32-E02D-4FA0-B389-9CF908930ED9}.Release|x86.ActiveCfg = Release|Win32
		{41394B32-E02D-4FA0-B389-9CF908930ED9}.Release|x86.Build.0 = Release|Win32
		{97E86050-2798-4198-9F18-303B34BC5B72}.Debug|x64.ActiveCfg = Debug|x64
		{97E86050-2798-4198-9F18-303B34BC5B72}.Debug|x64.Build.0 = Debug|x64
		{97E86050-2798-4198-9F18-303B34BC5B72}.Debug|x86.ActiveCfg = Debug|Win32
		{97E86050-2798-4198-9F18-303B34BC5B72}.Debug|x86.Build.0 = Debug|Win32
		{97E86050-2798-4198-9F18-303B34BC5B72}.Release|x64.ActiveCfg = Release|x64
		{97E86050-2798-4198-9F18-303B34BC5B72}.Release|x64.Build.0 = Release|x64
		{97E86050-2798-4198-9F18-303B34BC5B72}.Release|x86.ActiveCfg = Release|Win32
		{97E86050-2798-4198-9F18-303B34BC5B72}.Release|x86.Build.0 = Release|Win32
	EndGlobalSection
	GlobalSection(SolutionProperties) = preSolution
		HideSolutionNode = FALSE
	EndGlobalSection
EndGlobal
