
Microsoft Visual Studio Solution File, Format Version 12.00
# Visual Studio 15
VisualStudioVersion = 15.0.28010.2046
MinimumVisualStudioVersion = 10.0.40219.1
Project("{930C7802-8A8C-48F9-8165-68863BCCD9DD}") = "RodentVRSetup", "RodentVRSetup\RodentVRSetup.wixproj", "{60AE57C9-2B18-435F-9805-0B58FAE42FF1}"
EndProject
Global
	GlobalSection(SolutionConfigurationPlatforms) = preSolution
		Debug|Default = Debug|Default
		Release|Default = Release|Default
	EndGlobalSection
	GlobalSection(ProjectConfigurationPlatforms) = postSolution
		{60AE57C9-2B18-435F-9805-0B58FAE42FF1}.Debug|Default.ActiveCfg = Debug|x86
		{60AE57C9-2B18-435F-9805-0B58FAE42FF1}.Release|Default.ActiveCfg = Release|x86
	EndGlobalSection
	GlobalSection(SolutionProperties) = preSolution
		HideSolutionNode = FALSE
	EndGlobalSection
	GlobalSection(ExtensibilityGlobals) = postSolution
		SolutionGuid = {4FFBC0E7-A9E7-45A1-953F-A1A6AFDC5E9A}
	EndGlobalSection
EndGlobal
