
Microsoft Visual Studio Solution File, Format Version 12.00
# Visual Studio 15
VisualStudioVersion = 15.0.28010.2046
MinimumVisualStudioVersion = 10.0.40219.1
Project("{54435603-DBB4-11D2-8724-00A0C9A8B90C}") = "RodentVRSetup", "RodentVRSetup\RodentVRSetup.vdproj", "{D5026BF6-AF7E-40FE-A8EE-B221FDE027B5}"
EndProject
Global
	GlobalSection(SolutionConfigurationPlatforms) = preSolution
		Debug|Default = Debug|Default
		Release|Default = Release|Default
	EndGlobalSection
	GlobalSection(ProjectConfigurationPlatforms) = postSolution
		{D5026BF6-AF7E-40FE-A8EE-B221FDE027B5}.Debug|Default.ActiveCfg = Debug
		{D5026BF6-AF7E-40FE-A8EE-B221FDE027B5}.Debug|Default.Build.0 = Debug
		{D5026BF6-AF7E-40FE-A8EE-B221FDE027B5}.Release|Default.ActiveCfg = Release
		{D5026BF6-AF7E-40FE-A8EE-B221FDE027B5}.Release|Default.Build.0 = Release
	EndGlobalSection
	GlobalSection(SolutionProperties) = preSolution
		HideSolutionNode = FALSE
	EndGlobalSection
	GlobalSection(ExtensibilityGlobals) = postSolution
		SolutionGuid = {1B01EA11-6256-4DBB-9327-6192A72372B9}
	EndGlobalSection
EndGlobal
