
Microsoft Visual Studio Solution File, Format Version 12.00
# Visual Studio 15
VisualStudioVersion = 15.0.28010.2046
MinimumVisualStudioVersion = 10.0.40219.1
Project("{FAE04EC0-301F-11D3-BF4B-00C04F79EFBC}") = "RodentVRSettings", "RodentVRSettings\RodentVRSettings.csproj", "{1305F032-31AD-484B-B15B-1ED9D500F4F0}"
EndProject
Global
	GlobalSection(SolutionConfigurationPlatforms) = preSolution
		Debug|Any CPU = Debug|Any CPU
		Release|Any CPU = Release|Any CPU
	EndGlobalSection
	GlobalSection(ProjectConfigurationPlatforms) = postSolution
		{1305F032-31AD-484B-B15B-1ED9D500F4F0}.Debug|Any CPU.ActiveCfg = Debug|Any CPU
		{1305F032-31AD-484B-B15B-1ED9D500F4F0}.Debug|Any CPU.Build.0 = Debug|Any CPU
		{1305F032-31AD-484B-B15B-1ED9D500F4F0}.Release|Any CPU.ActiveCfg = Release|Any CPU
		{1305F032-31AD-484B-B15B-1ED9D500F4F0}.Release|Any CPU.Build.0 = Release|Any CPU
	EndGlobalSection
	GlobalSection(SolutionProperties) = preSolution
		HideSolutionNode = FALSE
	EndGlobalSection
	GlobalSection(ExtensibilityGlobals) = postSolution
		SolutionGuid = {37E3B842-6CDB-48C9-8727-84FC4F1CC3F1}
	EndGlobalSection
EndGlobal
