
Microsoft Visual Studio Solution File, Format Version 12.00
# Visual Studio Version 16
VisualStudioVersion = 16.0.28315.86
MinimumVisualStudioVersion = 10.0.40219.1
Project("{2150E333-8FDC-42A3-9474-1A3956D46DE8}") = "Engine", "Engine", "{69609931-279D-4181-AA62-AE9D587B4D57}"
EndProject
Project("{2150E333-8FDC-42A3-9474-1A3956D46DE8}") = "Games", "Games", "{08015166-CA4E-4388-B2DF-E2C96BCF457E}"
EndProject
Project("{8BC9CEB8-8B4A-11D0-8D11-00A0C91BC942}") = "UE4", "Intermediate\ProjectFiles\UE4.vcxproj", "{D149FB6E-0336-4616-9AE6-5495A0D6F589}"
EndProject
Project("{8BC9CEB8-8B4A-11D0-8D11-00A0C91BC942}") = "rodent_vr", "Intermediate\ProjectFiles\rodent_vr.vcxproj", "{D4B10559-4F12-47A5-9DA8-C3BD9C3EE045}"
EndProject
Project("{2150E333-8FDC-42A3-9474-1A3956D46DE8}") = "Visualizers", "Visualizers", "{C127568F-0A4E-4875-A02A-1AE8F58884C0}"
	ProjectSection(SolutionItems) = preProject
		..\..\..\..\..\..\..\..\Program Files\Epic Games\UE_4.23\Engine\Extras\VisualStudioDebugging\UE4.natvis = ..\..\..\..\..\..\..\..\Program Files\Epic Games\UE_4.23\Engine\Extras\VisualStudioDebugging\UE4.natvis
	EndProjectSection
EndProject
Global
	GlobalSection(SolutionConfigurationPlatforms) = preSolution
		DebugGame Editor|HTML5 = DebugGame Editor|HTML5
		DebugGame Editor|Win32 = DebugGame Editor|Win32
		DebugGame Editor|Win64 = DebugGame Editor|Win64
		DebugGame|HTML5 = DebugGame|HTML5
		DebugGame|Win32 = DebugGame|Win32
		DebugGame|Win64 = DebugGame|Win64
		Development Editor|HTML5 = Development Editor|HTML5
		Development Editor|Win32 = Development Editor|Win32
		Development Editor|Win64 = Development Editor|Win64
		Development|HTML5 = Development|HTML5
		Development|Win32 = Development|Win32
		Development|Win64 = Development|Win64
		Shipping|HTML5 = Shipping|HTML5
		Shipping|Win32 = Shipping|Win32
		Shipping|Win64 = Shipping|Win64
	EndGlobalSection
	GlobalSection(ProjectConfigurationPlatforms) = postSolution
		{D149FB6E-0336-4616-9AE6-5495A0D6F589}.DebugGame Editor|HTML5.ActiveCfg = BuiltWithUnrealBuildTool|Win32
		{D149FB6E-0336-4616-9AE6-5495A0D6F589}.DebugGame Editor|Win32.ActiveCfg = BuiltWithUnrealBuildTool|Win32
		{D149FB6E-0336-4616-9AE6-5495A0D6F589}.DebugGame Editor|Win64.ActiveCfg = BuiltWithUnrealBuildTool|Win32
		{D149FB6E-0336-4616-9AE6-5495A0D6F589}.DebugGame|HTML5.ActiveCfg = BuiltWithUnrealBuildTool|Win32
		{D149FB6E-0336-4616-9AE6-5495A0D6F589}.DebugGame|Win32.ActiveCfg = BuiltWithUnrealBuildTool|Win32
		{D149FB6E-0336-4616-9AE6-5495A0D6F589}.DebugGame|Win64.ActiveCfg = BuiltWithUnrealBuildTool|Win32
		{D149FB6E-0336-4616-9AE6-5495A0D6F589}.Development Editor|HTML5.ActiveCfg = BuiltWithUnrealBuildTool|Win32
		{D149FB6E-0336-4616-9AE6-5495A0D6F589}.Development Editor|Win32.ActiveCfg = BuiltWithUnrealBuildTool|Win32
		{D149FB6E-0336-4616-9AE6-5495A0D6F589}.Development Editor|Win64.ActiveCfg = BuiltWithUnrealBuildTool|Win32
		{D149FB6E-0336-4616-9AE6-5495A0D6F589}.Development|HTML5.ActiveCfg = BuiltWithUnrealBuildTool|Win32
		{D149FB6E-0336-4616-9AE6-5495A0D6F589}.Development|Win32.ActiveCfg = BuiltWithUnrealBuildTool|Win32
		{D149FB6E-0336-4616-9AE6-5495A0D6F589}.Development|Win64.ActiveCfg = BuiltWithUnrealBuildTool|Win32
		{D149FB6E-0336-4616-9AE6-5495A0D6F589}.Shipping|HTML5.ActiveCfg = BuiltWithUnrealBuildTool|Win32
		{D149FB6E-0336-4616-9AE6-5495A0D6F589}.Shipping|Win32.ActiveCfg = BuiltWithUnrealBuildTool|Win32
		{D149FB6E-0336-4616-9AE6-5495A0D6F589}.Shipping|Win64.ActiveCfg = BuiltWithUnrealBuildTool|Win32
		{D4B10559-4F12-47A5-9DA8-C3BD9C3EE045}.DebugGame Editor|HTML5.ActiveCfg = Invalid|Win32
		{D4B10559-4F12-47A5-9DA8-C3BD9C3EE045}.DebugGame Editor|Win32.ActiveCfg = Invalid|Win32
		{D4B10559-4F12-47A5-9DA8-C3BD9C3EE045}.DebugGame Editor|Win64.ActiveCfg = DebugGame_Editor|x64
		{D4B10559-4F12-47A5-9DA8-C3BD9C3EE045}.DebugGame Editor|Win64.Build.0 = DebugGame_Editor|x64
		{D4B10559-4F12-47A5-9DA8-C3BD9C3EE045}.DebugGame|HTML5.ActiveCfg = HTML5_DebugGame|Win32
		{D4B10559-4F12-47A5-9DA8-C3BD9C3EE045}.DebugGame|HTML5.Build.0 = HTML5_DebugGame|Win32
		{D4B10559-4F12-47A5-9DA8-C3BD9C3EE045}.DebugGame|Win32.ActiveCfg = DebugGame|Win32
		{D4B10559-4F12-47A5-9DA8-C3BD9C3EE045}.DebugGame|Win32.Build.0 = DebugGame|Win32
		{D4B10559-4F12-47A5-9DA8-C3BD9C3EE045}.DebugGame|Win64.ActiveCfg = DebugGame|x64
		{D4B10559-4F12-47A5-9DA8-C3BD9C3EE045}.DebugGame|Win64.Build.0 = DebugGame|x64
		{D4B10559-4F12-47A5-9DA8-C3BD9C3EE045}.Development Editor|HTML5.ActiveCfg = Invalid|Win32
		{D4B10559-4F12-47A5-9DA8-C3BD9C3EE045}.Development Editor|Win32.ActiveCfg = Invalid|Win32
		{D4B10559-4F12-47A5-9DA8-C3BD9C3EE045}.Development Editor|Win64.ActiveCfg = Development_Editor|x64
		{D4B10559-4F12-47A5-9DA8-C3BD9C3EE045}.Development Editor|Win64.Build.0 = Development_Editor|x64
		{D4B10559-4F12-47A5-9DA8-C3BD9C3EE045}.Development|HTML5.ActiveCfg = HTML5_Development|Win32
		{D4B10559-4F12-47A5-9DA8-C3BD9C3EE045}.Development|HTML5.Build.0 = HTML5_Development|Win32
		{D4B10559-4F12-47A5-9DA8-C3BD9C3EE045}.Development|Win32.ActiveCfg = Development|Win32
		{D4B10559-4F12-47A5-9DA8-C3BD9C3EE045}.Development|Win32.Build.0 = Development|Win32
		{D4B10559-4F12-47A5-9DA8-C3BD9C3EE045}.Development|Win64.ActiveCfg = Development|x64
		{D4B10559-4F12-47A5-9DA8-C3BD9C3EE045}.Development|Win64.Build.0 = Development|x64
		{D4B10559-4F12-47A5-9DA8-C3BD9C3EE045}.Shipping|HTML5.ActiveCfg = HTML5_Shipping|Win32
		{D4B10559-4F12-47A5-9DA8-C3BD9C3EE045}.Shipping|HTML5.Build.0 = HTML5_Shipping|Win32
		{D4B10559-4F12-47A5-9DA8-C3BD9C3EE045}.Shipping|Win32.ActiveCfg = Shipping|Win32
		{D4B10559-4F12-47A5-9DA8-C3BD9C3EE045}.Shipping|Win32.Build.0 = Shipping|Win32
		{D4B10559-4F12-47A5-9DA8-C3BD9C3EE045}.Shipping|Win64.ActiveCfg = Shipping|x64
		{D4B10559-4F12-47A5-9DA8-C3BD9C3EE045}.Shipping|Win64.Build.0 = Shipping|x64
	EndGlobalSection
	GlobalSection(SolutionProperties) = preSolution
		HideSolutionNode = FALSE
	EndGlobalSection
	GlobalSection(NestedProjects) = preSolution
		{D149FB6E-0336-4616-9AE6-5495A0D6F589} = {69609931-279D-4181-AA62-AE9D587B4D57}
		{D4B10559-4F12-47A5-9DA8-C3BD9C3EE045} = {08015166-CA4E-4388-B2DF-E2C96BCF457E}
	EndGlobalSection
EndGlobal
