
Microsoft Visual Studio Solution File, Format Version 12.00
# Visual Studio 15
VisualStudioVersion = 15.0.25807.0
MinimumVisualStudioVersion = 10.0.40219.1
Project("{2150E333-8FDC-42A3-9474-1A3956D46DE8}") = "Engine", "Engine", "{8E2EC166-1887-4EEF-8799-9C7D3F4873C4}"
EndProject
Project("{2150E333-8FDC-42A3-9474-1A3956D46DE8}") = "Games", "Games", "{47454F30-CB2D-41C6-B451-01AADC5F456B}"
EndProject
Project("{8BC9CEB8-8B4A-11D0-8D11-00A0C91BC942}") = "UE4", "Intermediate\ProjectFiles\UE4.vcxproj", "{35796AFA-59D3-4BE9-B338-077ECAB30CA6}"
EndProject
Project("{8BC9CEB8-8B4A-11D0-8D11-00A0C91BC942}") = "rodent_vr", "Intermediate\ProjectFiles\rodent_vr.vcxproj", "{C7B66701-C7C7-4414-AABE-BC5825D21E0A}"
EndProject
Project("{54435603-DBB4-11D2-8724-00A0C9A8B90C}") = "RodentVRSetup", "RodentVRSetup\RodentVRSetup.vdproj", "{8A9E7793-F748-43CD-A389-8CCFD59270C5}"
EndProject
Global
	GlobalSection(SolutionConfigurationPlatforms) = preSolution
		Debug|HTML5 = Debug|HTML5
		Debug|Win32 = Debug|Win32
		Debug|Win64 = Debug|Win64
		DebugGame Editor|HTML5 = DebugGame Editor|HTML5
		DebugGame Editor|Win32 = DebugGame Editor|Win32
		DebugGame Editor|Win64 = DebugGame Editor|Win64
		DebugGame|HTML5 = DebugGame|HTML5
		DebugGame|Win32 = DebugGame|Win32
		DebugGame|Win64 = DebugGame|Win64
		Development Editor|HTML5 = Development Editor|HTML5
		Development Editor|Win32 = Development Editor|Win32
		Development Editor|Win64 = Development Editor|Win64
		Development|HTML5 = Development|HTML5
		Development|Win32 = Development|Win32
		Development|Win64 = Development|Win64
		Release|HTML5 = Release|HTML5
		Release|Win32 = Release|Win32
		Release|Win64 = Release|Win64
		Shipping|HTML5 = Shipping|HTML5
		Shipping|Win32 = Shipping|Win32
		Shipping|Win64 = Shipping|Win64
	EndGlobalSection
	GlobalSection(ProjectConfigurationPlatforms) = postSolution
		{35796AFA-59D3-4BE9-B338-077ECAB30CA6}.Debug|HTML5.ActiveCfg = BuiltWithUnrealBuildTool|Win32
		{35796AFA-59D3-4BE9-B338-077ECAB30CA6}.Debug|HTML5.Build.0 = BuiltWithUnrealBuildTool|Win32
		{35796AFA-59D3-4BE9-B338-077ECAB30CA6}.Debug|Win32.ActiveCfg = BuiltWithUnrealBuildTool|Win32
		{35796AFA-59D3-4BE9-B338-077ECAB30CA6}.Debug|Win32.Build.0 = BuiltWithUnrealBuildTool|Win32
		{35796AFA-59D3-4BE9-B338-077ECAB30CA6}.Debug|Win64.ActiveCfg = BuiltWithUnrealBuildTool|Win32
		{35796AFA-59D3-4BE9-B338-077ECAB30CA6}.Debug|Win64.Build.0 = BuiltWithUnrealBuildTool|Win32
		{35796AFA-59D3-4BE9-B338-077ECAB30CA6}.DebugGame Editor|HTML5.ActiveCfg = BuiltWithUnrealBuildTool|Win32
		{35796AFA-59D3-4BE9-B338-077ECAB30CA6}.DebugGame Editor|HTML5.Build.0 = BuiltWithUnrealBuildTool|Win32
		{35796AFA-59D3-4BE9-B338-077ECAB30CA6}.DebugGame Editor|Win32.ActiveCfg = BuiltWithUnrealBuildTool|Win32
		{35796AFA-59D3-4BE9-B338-077ECAB30CA6}.DebugGame Editor|Win32.Build.0 = BuiltWithUnrealBuildTool|Win32
		{35796AFA-59D3-4BE9-B338-077ECAB30CA6}.DebugGame Editor|Win64.ActiveCfg = BuiltWithUnrealBuildTool|Win32
		{35796AFA-59D3-4BE9-B338-077ECAB30CA6}.DebugGame Editor|Win64.Build.0 = BuiltWithUnrealBuildTool|Win32
		{35796AFA-59D3-4BE9-B338-077ECAB30CA6}.DebugGame|HTML5.ActiveCfg = BuiltWithUnrealBuildTool|Win32
		{35796AFA-59D3-4BE9-B338-077ECAB30CA6}.DebugGame|HTML5.Build.0 = BuiltWithUnrealBuildTool|Win32
		{35796AFA-59D3-4BE9-B338-077ECAB30CA6}.DebugGame|Win32.ActiveCfg = BuiltWithUnrealBuildTool|Win32
		{35796AFA-59D3-4BE9-B338-077ECAB30CA6}.DebugGame|Win32.Build.0 = BuiltWithUnrealBuildTool|Win32
		{35796AFA-59D3-4BE9-B338-077ECAB30CA6}.DebugGame|Win64.ActiveCfg = BuiltWithUnrealBuildTool|Win32
		{35796AFA-59D3-4BE9-B338-077ECAB30CA6}.DebugGame|Win64.Build.0 = BuiltWithUnrealBuildTool|Win32
		{35796AFA-59D3-4BE9-B338-077ECAB30CA6}.Development Editor|HTML5.ActiveCfg = BuiltWithUnrealBuildTool|Win32
		{35796AFA-59D3-4BE9-B338-077ECAB30CA6}.Development Editor|HTML5.Build.0 = BuiltWithUnrealBuildTool|Win32
		{35796AFA-59D3-4BE9-B338-077ECAB30CA6}.Development Editor|Win32.ActiveCfg = BuiltWithUnrealBuildTool|Win32
		{35796AFA-59D3-4BE9-B338-077ECAB30CA6}.Development Editor|Win32.Build.0 = BuiltWithUnrealBuildTool|Win32
		{35796AFA-59D3-4BE9-B338-077ECAB30CA6}.Development Editor|Win64.ActiveCfg = BuiltWithUnrealBuildTool|Win32
		{35796AFA-59D3-4BE9-B338-077ECAB30CA6}.Development Editor|Win64.Build.0 = BuiltWithUnrealBuildTool|Win32
		{35796AFA-59D3-4BE9-B338-077ECAB30CA6}.Development|HTML5.ActiveCfg = BuiltWithUnrealBuildTool|Win32
		{35796AFA-59D3-4BE9-B338-077ECAB30CA6}.Development|HTML5.Build.0 = BuiltWithUnrealBuildTool|Win32
		{35796AFA-59D3-4BE9-B338-077ECAB30CA6}.Development|Win32.ActiveCfg = BuiltWithUnrealBuildTool|Win32
		{35796AFA-59D3-4BE9-B338-077ECAB30CA6}.Development|Win32.Build.0 = BuiltWithUnrealBuildTool|Win32
		{35796AFA-59D3-4BE9-B338-077ECAB30CA6}.Development|Win64.ActiveCfg = BuiltWithUnrealBuildTool|Win32
		{35796AFA-59D3-4BE9-B338-077ECAB30CA6}.Development|Win64.Build.0 = BuiltWithUnrealBuildTool|Win32
		{35796AFA-59D3-4BE9-B338-077ECAB30CA6}.Release|HTML5.ActiveCfg = BuiltWithUnrealBuildTool|Win32
		{35796AFA-59D3-4BE9-B338-077ECAB30CA6}.Release|HTML5.Build.0 = BuiltWithUnrealBuildTool|Win32
		{35796AFA-59D3-4BE9-B338-077ECAB30CA6}.Release|Win32.ActiveCfg = BuiltWithUnrealBuildTool|Win32
		{35796AFA-59D3-4BE9-B338-077ECAB30CA6}.Release|Win32.Build.0 = BuiltWithUnrealBuildTool|Win32
		{35796AFA-59D3-4BE9-B338-077ECAB30CA6}.Release|Win64.ActiveCfg = BuiltWithUnrealBuildTool|Win32
		{35796AFA-59D3-4BE9-B338-077ECAB30CA6}.Release|Win64.Build.0 = BuiltWithUnrealBuildTool|Win32
		{35796AFA-59D3-4BE9-B338-077ECAB30CA6}.Shipping|HTML5.ActiveCfg = BuiltWithUnrealBuildTool|Win32
		{35796AFA-59D3-4BE9-B338-077ECAB30CA6}.Shipping|HTML5.Build.0 = BuiltWithUnrealBuildTool|Win32
		{35796AFA-59D3-4BE9-B338-077ECAB30CA6}.Shipping|Win32.ActiveCfg = BuiltWithUnrealBuildTool|Win32
		{35796AFA-59D3-4BE9-B338-077ECAB30CA6}.Shipping|Win32.Build.0 = BuiltWithUnrealBuildTool|Win32
		{35796AFA-59D3-4BE9-B338-077ECAB30CA6}.Shipping|Win64.ActiveCfg = BuiltWithUnrealBuildTool|Win32
		{35796AFA-59D3-4BE9-B338-077ECAB30CA6}.Shipping|Win64.Build.0 = BuiltWithUnrealBuildTool|Win32
		{C7B66701-C7C7-4414-AABE-BC5825D21E0A}.Debug|HTML5.ActiveCfg = HTML5_Shipping_Game|x64
		{C7B66701-C7C7-4414-AABE-BC5825D21E0A}.Debug|HTML5.Build.0 = HTML5_Shipping_Game|x64
		{C7B66701-C7C7-4414-AABE-BC5825D21E0A}.Debug|Win32.ActiveCfg = DebugGame_Game|Win32
		{C7B66701-C7C7-4414-AABE-BC5825D21E0A}.Debug|Win32.Build.0 = DebugGame_Game|Win32
		{C7B66701-C7C7-4414-AABE-BC5825D21E0A}.Debug|Win64.ActiveCfg = HTML5_Shipping_Game|x64
		{C7B66701-C7C7-4414-AABE-BC5825D21E0A}.Debug|Win64.Build.0 = HTML5_Shipping_Game|x64
		{C7B66701-C7C7-4414-AABE-BC5825D21E0A}.DebugGame Editor|HTML5.ActiveCfg = HTML5_DebugGame_Editor|Win32
		{C7B66701-C7C7-4414-AABE-BC5825D21E0A}.DebugGame Editor|Win32.ActiveCfg = DebugGame_Editor|Win32
		{C7B66701-C7C7-4414-AABE-BC5825D21E0A}.DebugGame Editor|Win64.ActiveCfg = DebugGame_Editor|x64
		{C7B66701-C7C7-4414-AABE-BC5825D21E0A}.DebugGame Editor|Win64.Build.0 = DebugGame_Editor|x64
		{C7B66701-C7C7-4414-AABE-BC5825D21E0A}.DebugGame|HTML5.ActiveCfg = HTML5_DebugGame_Game|Win32
		{C7B66701-C7C7-4414-AABE-BC5825D21E0A}.DebugGame|HTML5.Build.0 = HTML5_DebugGame_Game|Win32
		{C7B66701-C7C7-4414-AABE-BC5825D21E0A}.DebugGame|Win32.ActiveCfg = DebugGame_Game|Win32
		{C7B66701-C7C7-4414-AABE-BC5825D21E0A}.DebugGame|Win32.Build.0 = DebugGame_Game|Win32
		{C7B66701-C7C7-4414-AABE-BC5825D21E0A}.DebugGame|Win64.ActiveCfg = DebugGame_Game|x64
		{C7B66701-C7C7-4414-AABE-BC5825D21E0A}.DebugGame|Win64.Build.0 = DebugGame_Game|x64
		{C7B66701-C7C7-4414-AABE-BC5825D21E0A}.Development Editor|HTML5.ActiveCfg = HTML5_Development_Editor|Win32
		{C7B66701-C7C7-4414-AABE-BC5825D21E0A}.Development Editor|Win32.ActiveCfg = Development_Editor|Win32
		{C7B66701-C7C7-4414-AABE-BC5825D21E0A}.Development Editor|Win64.ActiveCfg = Development_Editor|x64
		{C7B66701-C7C7-4414-AABE-BC5825D21E0A}.Development Editor|Win64.Build.0 = Development_Editor|x64
		{C7B66701-C7C7-4414-AABE-BC5825D21E0A}.Development|HTML5.ActiveCfg = HTML5_Development_Game|Win32
		{C7B66701-C7C7-4414-AABE-BC5825D21E0A}.Development|HTML5.Build.0 = HTML5_Development_Game|Win32
		{C7B66701-C7C7-4414-AABE-BC5825D21E0A}.Development|Win32.ActiveCfg = Development_Game|Win32
		{C7B66701-C7C7-4414-AABE-BC5825D21E0A}.Development|Win32.Build.0 = Development_Game|Win32
		{C7B66701-C7C7-4414-AABE-BC5825D21E0A}.Development|Win64.ActiveCfg = Development_Game|x64
		{C7B66701-C7C7-4414-AABE-BC5825D21E0A}.Development|Win64.Build.0 = Development_Game|x64
		{C7B66701-C7C7-4414-AABE-BC5825D21E0A}.Release|HTML5.ActiveCfg = HTML5_Shipping_Game|x64
		{C7B66701-C7C7-4414-AABE-BC5825D21E0A}.Release|HTML5.Build.0 = HTML5_Shipping_Game|x64
		{C7B66701-C7C7-4414-AABE-BC5825D21E0A}.Release|Win32.ActiveCfg = Shipping_Game|Win32
		{C7B66701-C7C7-4414-AABE-BC5825D21E0A}.Release|Win32.Build.0 = Shipping_Game|Win32
		{C7B66701-C7C7-4414-AABE-BC5825D21E0A}.Release|Win64.ActiveCfg = Shipping_Game|x64
		{C7B66701-C7C7-4414-AABE-BC5825D21E0A}.Release|Win64.Build.0 = Shipping_Game|x64
		{C7B66701-C7C7-4414-AABE-BC5825D21E0A}.Shipping|HTML5.ActiveCfg = HTML5_Shipping_Game|Win32
		{C7B66701-C7C7-4414-AABE-BC5825D21E0A}.Shipping|HTML5.Build.0 = HTML5_Shipping_Game|Win32
		{C7B66701-C7C7-4414-AABE-BC5825D21E0A}.Shipping|Win32.ActiveCfg = Shipping_Game|Win32
		{C7B66701-C7C7-4414-AABE-BC5825D21E0A}.Shipping|Win32.Build.0 = Shipping_Game|Win32
		{C7B66701-C7C7-4414-AABE-BC5825D21E0A}.Shipping|Win64.ActiveCfg = Shipping_Game|x64
		{C7B66701-C7C7-4414-AABE-BC5825D21E0A}.Shipping|Win64.Build.0 = Shipping_Game|x64
		{8A9E7793-F748-43CD-A389-8CCFD59270C5}.Debug|HTML5.ActiveCfg = Debug
		{8A9E7793-F748-43CD-A389-8CCFD59270C5}.Debug|Win32.ActiveCfg = Debug
		{8A9E7793-F748-43CD-A389-8CCFD59270C5}.Debug|Win64.ActiveCfg = Debug
		{8A9E7793-F748-43CD-A389-8CCFD59270C5}.DebugGame Editor|HTML5.ActiveCfg = Debug
		{8A9E7793-F748-43CD-A389-8CCFD59270C5}.DebugGame Editor|Win32.ActiveCfg = Debug
		{8A9E7793-F748-43CD-A389-8CCFD59270C5}.DebugGame Editor|Win64.ActiveCfg = Debug
		{8A9E7793-F748-43CD-A389-8CCFD59270C5}.DebugGame|HTML5.ActiveCfg = Debug
		{8A9E7793-F748-43CD-A389-8CCFD59270C5}.DebugGame|Win32.ActiveCfg = Debug
		{8A9E7793-F748-43CD-A389-8CCFD59270C5}.DebugGame|Win64.ActiveCfg = Debug
		{8A9E7793-F748-43CD-A389-8CCFD59270C5}.Development Editor|HTML5.ActiveCfg = Debug
		{8A9E7793-F748-43CD-A389-8CCFD59270C5}.Development Editor|Win32.ActiveCfg = Debug
		{8A9E7793-F748-43CD-A389-8CCFD59270C5}.Development Editor|Win64.ActiveCfg = Debug
		{8A9E7793-F748-43CD-A389-8CCFD59270C5}.Development|HTML5.ActiveCfg = Debug
		{8A9E7793-F748-43CD-A389-8CCFD59270C5}.Development|Win32.ActiveCfg = Debug
		{8A9E7793-F748-43CD-A389-8CCFD59270C5}.Development|Win64.ActiveCfg = Debug
		{8A9E7793-F748-43CD-A389-8CCFD59270C5}.Release|HTML5.ActiveCfg = Release
		{8A9E7793-F748-43CD-A389-8CCFD59270C5}.Release|Win32.ActiveCfg = Release
		{8A9E7793-F748-43CD-A389-8CCFD59270C5}.Release|Win64.ActiveCfg = Release
		{8A9E7793-F748-43CD-A389-8CCFD59270C5}.Release|Win64.Build.0 = Release
		{8A9E7793-F748-43CD-A389-8CCFD59270C5}.Shipping|HTML5.ActiveCfg = Release
		{8A9E7793-F748-43CD-A389-8CCFD59270C5}.Shipping|Win32.ActiveCfg = Release
		{8A9E7793-F748-43CD-A389-8CCFD59270C5}.Shipping|Win64.ActiveCfg = Release
	EndGlobalSection
	GlobalSection(SolutionProperties) = preSolution
		HideSolutionNode = FALSE
	EndGlobalSection
	GlobalSection(NestedProjects) = preSolution
		{35796AFA-59D3-4BE9-B338-077ECAB30CA6} = {8E2EC166-1887-4EEF-8799-9C7D3F4873C4}
		{C7B66701-C7C7-4414-AABE-BC5825D21E0A} = {47454F30-CB2D-41C6-B451-01AADC5F456B}
	EndGlobalSection
	GlobalSection(ExtensibilityGlobals) = postSolution
		SolutionGuid = {757A07AF-E92D-4F71-8A52-856C79B0E8AA}
	EndGlobalSection
EndGlobal
