
Microsoft Visual Studio Solution File, Format Version 12.00
# Visual Studio 15
VisualStudioVersion = 15.0.28010.2046
MinimumVisualStudioVersion = 10.0.40219.1
Project("{FAE04EC0-301F-11D3-BF4B-00C04F79EFBC}") = "BehaviorVisualizer", "BehaviorVisualizer\BehaviorVisualizer.csproj", "{F397339A-3ACB-4133-9725-D81CAC54C236}"
EndProject
Project("{54435603-DBB4-11D2-8724-00A0C9A8B90C}") = "BehaviorVisualizerSetup", "BehaviorVisualizerSetup\BehaviorVisualizerSetup.vdproj", "{DAF4E7FA-F2A8-41D0-A87A-B840CD08253B}"
EndProject
Global
	GlobalSection(SolutionConfigurationPlatforms) = preSolution
		Debug|Any CPU = Debug|Any CPU
		Release|Any CPU = Release|Any CPU
	EndGlobalSection
	GlobalSection(ProjectConfigurationPlatforms) = postSolution
		{F397339A-3ACB-4133-9725-D81CAC54C236}.Debug|Any CPU.ActiveCfg = Debug|Any CPU
		{F397339A-3ACB-4133-9725-D81CAC54C236}.Debug|Any CPU.Build.0 = Debug|Any CPU
		{F397339A-3ACB-4133-9725-D81CAC54C236}.Release|Any CPU.ActiveCfg = Release|Any CPU
		{F397339A-3ACB-4133-9725-D81CAC54C236}.Release|Any CPU.Build.0 = Release|Any CPU
		{DAF4E7FA-F2A8-41D0-A87A-B840CD08253B}.Debug|Any CPU.ActiveCfg = Debug
		{DAF4E7FA-F2A8-41D0-A87A-B840CD08253B}.Release|Any CPU.ActiveCfg = Release
	EndGlobalSection
	GlobalSection(SolutionProperties) = preSolution
		HideSolutionNode = FALSE
	EndGlobalSection
	GlobalSection(ExtensibilityGlobals) = postSolution
		SolutionGuid = {30FDF330-9EC7-4DD9-AA46-8F51C35C7B96}
	EndGlobalSection
EndGlobal
